{
  "name": "frontend",
  "lockfileVersion": 3,
  "requires": true,
<<<<<<< HEAD
  "packages": {
    "": {
      "dependencies": {
        "react-icons": "^4.7.1"
      }
    },
    "node_modules/react": {
      "peer": true
    },
    "node_modules/react-icons": {
      "version": "4.7.1",
      "resolved": "https://registry.npmjs.org/react-icons/-/react-icons-4.7.1.tgz",
      "integrity": "sha512-yHd3oKGMgm7zxo3EA7H2n7vxSoiGmHk5t6Ou4bXsfcgWyhfDKMpyKfhHR6Bjnn63c+YXBLBPUql9H4wPJM6sXw==",
      "peerDependencies": {
        "react": "*"
      }
    }
  }
=======
  "packages": {}
>>>>>>> b22fdea0b641b877b0c4ee3bd68e306f105b7352
}
